// !$*UTF8*$!
{
	archiveVersion = 1;
	classes = {
	};
	objectVersion = 48;
	objects = {

/* Begin PBXBuildFile section */
		42F3F89528ABE35BF3421FD1 /* Pods_Frelocate.framework in Frameworks */ = {isa = PBXBuildFile; fileRef = FD6C857833EE46AC3C702BC6 /* Pods_Frelocate.framework */; };
		5922AF751FFC38E400C23753 /* DataService.swift in Sources */ = {isa = PBXBuildFile; fileRef = 5922AF741FFC38E400C23753 /* DataService.swift */; };
		5922AF771FFD63BF00C23753 /* Post.swift in Sources */ = {isa = PBXBuildFile; fileRef = 5922AF761FFD63BF00C23753 /* Post.swift */; };
		5924D7281FCF07A60086CBA1 /* SignUp.swift in Sources */ = {isa = PBXBuildFile; fileRef = 5924D7271FCF07A60086CBA1 /* SignUp.swift */; };
		5924D72D1FD404D90086CBA1 /* AuthService.swift in Sources */ = {isa = PBXBuildFile; fileRef = 5924D72C1FD404D90086CBA1 /* AuthService.swift */; };
		5924D7341FD5F7C60086CBA1 /* Constants.swift in Sources */ = {isa = PBXBuildFile; fileRef = 5924D7331FD5F7C60086CBA1 /* Constants.swift */; };
		5927CA761FEEE1BF00A20CF4 /* ForgottenPassword.swift in Sources */ = {isa = PBXBuildFile; fileRef = 5927CA751FEEE1BF00A20CF4 /* ForgottenPassword.swift */; };
		5927CA781FEEE50900A20CF4 /* ShadowView.swift in Sources */ = {isa = PBXBuildFile; fileRef = 5927CA771FEEE50900A20CF4 /* ShadowView.swift */; };
		5927CA7A1FEEEA5300A20CF4 /* PostCell.swift in Sources */ = {isa = PBXBuildFile; fileRef = 5927CA791FEEEA5300A20CF4 /* PostCell.swift */; };
		5927CA7D1FEEF15A00A20CF4 /* KeychainWrapper.swift in Sources */ = {isa = PBXBuildFile; fileRef = 5927CA7B1FEEF15A00A20CF4 /* KeychainWrapper.swift */; };
		5927CA7F1FEEF17B00A20CF4 /* KeychainItemAccessibility.swift in Sources */ = {isa = PBXBuildFile; fileRef = 5927CA7E1FEEF17B00A20CF4 /* KeychainItemAccessibility.swift */; };
		594104291FC2459600A49C79 /* SWRevealViewController.m in Sources */ = {isa = PBXBuildFile; fileRef = 594104281FC2459600A49C79 /* SWRevealViewController.m */; };
		5941042C1FC246EE00A49C79 /* MainViewController.swift in Sources */ = {isa = PBXBuildFile; fileRef = 5941042B1FC246EE00A49C79 /* MainViewController.swift */; };
		5941042E1FC24BE500A49C79 /* BackTableVC.swift in Sources */ = {isa = PBXBuildFile; fileRef = 5941042D1FC24BE500A49C79 /* BackTableVC.swift */; };
		594104301FC3687F00A49C79 /* MySavedProperties.swift in Sources */ = {isa = PBXBuildFile; fileRef = 5941042F1FC3687F00A49C79 /* MySavedProperties.swift */; };
		594104321FC3690F00A49C79 /* SearchProperties.swift in Sources */ = {isa = PBXBuildFile; fileRef = 594104311FC3690F00A49C79 /* SearchProperties.swift */; };
		594104341FC3691C00A49C79 /* SellMyProperty.swift in Sources */ = {isa = PBXBuildFile; fileRef = 594104331FC3691C00A49C79 /* SellMyProperty.swift */; };
		594104361FC4EABD00A49C79 /* AccountSettings.swift in Sources */ = {isa = PBXBuildFile; fileRef = 594104351FC4EABD00A49C79 /* AccountSettings.swift */; };
		595148C11FC7764A00D050CB /* GoogleService-Info.plist in Resources */ = {isa = PBXBuildFile; fileRef = 595148C01FC7764A00D050CB /* GoogleService-Info.plist */; };
		595148CC1FC78A4600D050CB /* SignIn.swift in Sources */ = {isa = PBXBuildFile; fileRef = 595148CB1FC78A4500D050CB /* SignIn.swift */; };
		595148CE1FC9BC7900D050CB /* SavingsCalculator.swift in Sources */ = {isa = PBXBuildFile; fileRef = 595148CD1FC9BC7900D050CB /* SavingsCalculator.swift */; };
		595148D01FCCA8AC00D050CB /* RoundBtn.swift in Sources */ = {isa = PBXBuildFile; fileRef = 595148CF1FCCA8AC00D050CB /* RoundBtn.swift */; };
		595148D61FCCAFA000D050CB /* Bolts.framework in Frameworks */ = {isa = PBXBuildFile; fileRef = 595148D51FCCAFA000D050CB /* Bolts.framework */; };
		595148D81FCCAFA800D050CB /* FBSDKCoreKit.framework in Frameworks */ = {isa = PBXBuildFile; fileRef = 595148D71FCCAFA800D050CB /* FBSDKCoreKit.framework */; };
		595148DA1FCCAFAF00D050CB /* FBSDKLoginKit.framework in Frameworks */ = {isa = PBXBuildFile; fileRef = 595148D91FCCAFAF00D050CB /* FBSDKLoginKit.framework */; };
		598A02DE1FA7C63500BDEA6E /* AppDelegate.swift in Sources */ = {isa = PBXBuildFile; fileRef = 598A02DD1FA7C63500BDEA6E /* AppDelegate.swift */; };
		598A02E31FA7C63500BDEA6E /* Main.storyboard in Resources */ = {isa = PBXBuildFile; fileRef = 598A02E11FA7C63500BDEA6E /* Main.storyboard */; };
		598A02E51FA7C63500BDEA6E /* Assets.xcassets in Resources */ = {isa = PBXBuildFile; fileRef = 598A02E41FA7C63500BDEA6E /* Assets.xcassets */; };
		598A02E81FA7C63500BDEA6E /* LaunchScreen.storyboard in Resources */ = {isa = PBXBuildFile; fileRef = 598A02E61FA7C63500BDEA6E /* LaunchScreen.storyboard */; };
/* End PBXBuildFile section */

/* Begin PBXFileReference section */
		29AF3BD11EFE92AB46294B45 /* Pods-Frelocate.debug.xcconfig */ = {isa = PBXFileReference; includeInIndex = 1; lastKnownFileType = text.xcconfig; name = "Pods-Frelocate.debug.xcconfig"; path = "Pods/Target Support Files/Pods-Frelocate/Pods-Frelocate.debug.xcconfig"; sourceTree = "<group>"; };
		5922AF741FFC38E400C23753 /* DataService.swift */ = {isa = PBXFileReference; lastKnownFileType = sourcecode.swift; path = DataService.swift; sourceTree = "<group>"; };
		5922AF761FFD63BF00C23753 /* Post.swift */ = {isa = PBXFileReference; lastKnownFileType = sourcecode.swift; path = Post.swift; sourceTree = "<group>"; };
		5924D7271FCF07A60086CBA1 /* SignUp.swift */ = {isa = PBXFileReference; fileEncoding = 4; lastKnownFileType = sourcecode.swift; path = SignUp.swift; sourceTree = "<group>"; };
		5924D72C1FD404D90086CBA1 /* AuthService.swift */ = {isa = PBXFileReference; lastKnownFileType = sourcecode.swift; path = AuthService.swift; sourceTree = "<group>"; };
		5924D7331FD5F7C60086CBA1 /* Constants.swift */ = {isa = PBXFileReference; lastKnownFileType = sourcecode.swift; path = Constants.swift; sourceTree = "<group>"; };
		5927CA751FEEE1BF00A20CF4 /* ForgottenPassword.swift */ = {isa = PBXFileReference; lastKnownFileType = sourcecode.swift; path = ForgottenPassword.swift; sourceTree = "<group>"; };
		5927CA771FEEE50900A20CF4 /* ShadowView.swift */ = {isa = PBXFileReference; lastKnownFileType = sourcecode.swift; path = ShadowView.swift; sourceTree = "<group>"; };
		5927CA791FEEEA5300A20CF4 /* PostCell.swift */ = {isa = PBXFileReference; lastKnownFileType = sourcecode.swift; path = PostCell.swift; sourceTree = "<group>"; };
		5927CA7B1FEEF15A00A20CF4 /* KeychainWrapper.swift */ = {isa = PBXFileReference; fileEncoding = 4; lastKnownFileType = sourcecode.swift; path = KeychainWrapper.swift; sourceTree = "<group>"; };
		5927CA7E1FEEF17B00A20CF4 /* KeychainItemAccessibility.swift */ = {isa = PBXFileReference; fileEncoding = 4; lastKnownFileType = sourcecode.swift; path = KeychainItemAccessibility.swift; sourceTree = "<group>"; };
		594104261FC2459500A49C79 /* Frelocate-Bridging-Header.h */ = {isa = PBXFileReference; lastKnownFileType = sourcecode.c.h; path = "Frelocate-Bridging-Header.h"; sourceTree = "<group>"; };
		594104271FC2459500A49C79 /* SWRevealViewController.h */ = {isa = PBXFileReference; fileEncoding = 4; lastKnownFileType = sourcecode.c.h; path = SWRevealViewController.h; sourceTree = "<group>"; };
		594104281FC2459600A49C79 /* SWRevealViewController.m */ = {isa = PBXFileReference; fileEncoding = 4; lastKnownFileType = sourcecode.c.objc; path = SWRevealViewController.m; sourceTree = "<group>"; };
		5941042B1FC246EE00A49C79 /* MainViewController.swift */ = {isa = PBXFileReference; lastKnownFileType = sourcecode.swift; path = MainViewController.swift; sourceTree = "<group>"; };
		5941042D1FC24BE500A49C79 /* BackTableVC.swift */ = {isa = PBXFileReference; lastKnownFileType = sourcecode.swift; path = BackTableVC.swift; sourceTree = "<group>"; };
		5941042F1FC3687F00A49C79 /* MySavedProperties.swift */ = {isa = PBXFileReference; lastKnownFileType = sourcecode.swift; path = MySavedProperties.swift; sourceTree = "<group>"; };
		594104311FC3690F00A49C79 /* SearchProperties.swift */ = {isa = PBXFileReference; lastKnownFileType = sourcecode.swift; path = SearchProperties.swift; sourceTree = "<group>"; };
		594104331FC3691C00A49C79 /* SellMyProperty.swift */ = {isa = PBXFileReference; lastKnownFileType = sourcecode.swift; path = SellMyProperty.swift; sourceTree = "<group>"; };
		594104351FC4EABD00A49C79 /* AccountSettings.swift */ = {isa = PBXFileReference; lastKnownFileType = sourcecode.swift; path = AccountSettings.swift; sourceTree = "<group>"; };
		595148C01FC7764A00D050CB /* GoogleService-Info.plist */ = {isa = PBXFileReference; fileEncoding = 4; lastKnownFileType = text.plist.xml; path = "GoogleService-Info.plist"; sourceTree = "<group>"; };
		595148CB1FC78A4500D050CB /* SignIn.swift */ = {isa = PBXFileReference; lastKnownFileType = sourcecode.swift; name = SignIn.swift; path = "/Users/robprior/Desktop/XCODE PROJECTS/Frelocate/Frelocate/Controller/SignIn.swift"; sourceTree = "<absolute>"; };
		595148CD1FC9BC7900D050CB /* SavingsCalculator.swift */ = {isa = PBXFileReference; lastKnownFileType = sourcecode.swift; path = SavingsCalculator.swift; sourceTree = "<group>"; };
		595148CF1FCCA8AC00D050CB /* RoundBtn.swift */ = {isa = PBXFileReference; lastKnownFileType = sourcecode.swift; path = RoundBtn.swift; sourceTree = "<group>"; };
		595148D51FCCAFA000D050CB /* Bolts.framework */ = {isa = PBXFileReference; lastKnownFileType = wrapper.framework; path = Bolts.framework; sourceTree = "<group>"; };
		595148D71FCCAFA800D050CB /* FBSDKCoreKit.framework */ = {isa = PBXFileReference; lastKnownFileType = wrapper.framework; path = FBSDKCoreKit.framework; sourceTree = "<group>"; };
		595148D91FCCAFAF00D050CB /* FBSDKLoginKit.framework */ = {isa = PBXFileReference; lastKnownFileType = wrapper.framework; path = FBSDKLoginKit.framework; sourceTree = "<group>"; };
		598A02DA1FA7C63500BDEA6E /* Frelocate.app */ = {isa = PBXFileReference; explicitFileType = wrapper.application; includeInIndex = 0; path = Frelocate.app; sourceTree = BUILT_PRODUCTS_DIR; };
		598A02DD1FA7C63500BDEA6E /* AppDelegate.swift */ = {isa = PBXFileReference; lastKnownFileType = sourcecode.swift; path = AppDelegate.swift; sourceTree = "<group>"; };
		598A02E21FA7C63500BDEA6E /* Base */ = {isa = PBXFileReference; lastKnownFileType = file.storyboard; name = Base; path = Base.lproj/Main.storyboard; sourceTree = "<group>"; };
		598A02E41FA7C63500BDEA6E /* Assets.xcassets */ = {isa = PBXFileReference; lastKnownFileType = folder.assetcatalog; path = Assets.xcassets; sourceTree = "<group>"; };
		598A02E71FA7C63500BDEA6E /* Base */ = {isa = PBXFileReference; lastKnownFileType = file.storyboard; name = Base; path = Base.lproj/LaunchScreen.storyboard; sourceTree = "<group>"; };
		598A02E91FA7C63500BDEA6E /* Info.plist */ = {isa = PBXFileReference; lastKnownFileType = text.plist.xml; path = Info.plist; sourceTree = "<group>"; };
		802DF9CB6E2CC5C149F36522 /* Pods-Frelocate.release.xcconfig */ = {isa = PBXFileReference; includeInIndex = 1; lastKnownFileType = text.xcconfig; name = "Pods-Frelocate.release.xcconfig"; path = "Pods/Target Support Files/Pods-Frelocate/Pods-Frelocate.release.xcconfig"; sourceTree = "<group>"; };
		FD6C857833EE46AC3C702BC6 /* Pods_Frelocate.framework */ = {isa = PBXFileReference; explicitFileType = wrapper.framework; includeInIndex = 0; path = Pods_Frelocate.framework; sourceTree = BUILT_PRODUCTS_DIR; };
/* End PBXFileReference section */

/* Begin PBXFrameworksBuildPhase section */
		598A02D71FA7C63500BDEA6E /* Frameworks */ = {
			isa = PBXFrameworksBuildPhase;
			buildActionMask = 2147483647;
			files = (
				42F3F89528ABE35BF3421FD1 /* Pods_Frelocate.framework in Frameworks */,
				595148D81FCCAFA800D050CB /* FBSDKCoreKit.framework in Frameworks */,
				595148DA1FCCAFAF00D050CB /* FBSDKLoginKit.framework in Frameworks */,
				595148D61FCCAFA000D050CB /* Bolts.framework in Frameworks */,
			);
			runOnlyForDeploymentPostprocessing = 0;
		};
/* End PBXFrameworksBuildPhase section */

/* Begin PBXGroup section */
		5924D7291FD2085D0086CBA1 /* Services */ = {
			isa = PBXGroup;
			children = (
				5924D72C1FD404D90086CBA1 /* AuthService.swift */,
				5922AF741FFC38E400C23753 /* DataService.swift */,
			);
			path = Services;
			sourceTree = "<group>";
		};
		5924D7321FD5F7A90086CBA1 /* Util */ = {
			isa = PBXGroup;
			children = (
				5924D7331FD5F7C60086CBA1 /* Constants.swift */,
			);
			path = Util;
			sourceTree = "<group>";
		};
		5948D766F30FB8208BD4DBDC /* Pods */ = {
			isa = PBXGroup;
			children = (
				29AF3BD11EFE92AB46294B45 /* Pods-Frelocate.debug.xcconfig */,
				802DF9CB6E2CC5C149F36522 /* Pods-Frelocate.release.xcconfig */,
			);
			name = Pods;
			sourceTree = "<group>";
		};
		595148C21FC7787900D050CB /* Model */ = {
			isa = PBXGroup;
			children = (
				5922AF761FFD63BF00C23753 /* Post.swift */,
			);
			path = Model;
			sourceTree = "<group>";
		};
		595148C31FC7788000D050CB /* View */ = {
			isa = PBXGroup;
			children = (
				595148CF1FCCA8AC00D050CB /* RoundBtn.swift */,
				5927CA771FEEE50900A20CF4 /* ShadowView.swift */,
				5927CA791FEEEA5300A20CF4 /* PostCell.swift */,
			);
			path = View;
			sourceTree = "<group>";
		};
		595148C41FC7788800D050CB /* Controller */ = {
			isa = PBXGroup;
			children = (
				5924D7271FCF07A60086CBA1 /* SignUp.swift */,
				595148CB1FC78A4500D050CB /* SignIn.swift */,
				5941042B1FC246EE00A49C79 /* MainViewController.swift */,
				594104311FC3690F00A49C79 /* SearchProperties.swift */,
				594104331FC3691C00A49C79 /* SellMyProperty.swift */,
				594104351FC4EABD00A49C79 /* AccountSettings.swift */,
				5941042F1FC3687F00A49C79 /* MySavedProperties.swift */,
				5941042D1FC24BE500A49C79 /* BackTableVC.swift */,
				595148CD1FC9BC7900D050CB /* SavingsCalculator.swift */,
				5927CA751FEEE1BF00A20CF4 /* ForgottenPassword.swift */,
			);
			path = Controller;
			sourceTree = "<group>";
		};
		598A02D11FA7C63500BDEA6E = {
			isa = PBXGroup;
			children = (
				598A02DC1FA7C63500BDEA6E /* Frelocate */,
				598A02DB1FA7C63500BDEA6E /* Products */,
				5948D766F30FB8208BD4DBDC /* Pods */,
				D16295517B41B854394E7575 /* Frameworks */,
			);
			sourceTree = "<group>";
		};
		598A02DB1FA7C63500BDEA6E /* Products */ = {
			isa = PBXGroup;
			children = (
				598A02DA1FA7C63500BDEA6E /* Frelocate.app */,
			);
			name = Products;
			sourceTree = "<group>";
		};
		598A02DC1FA7C63500BDEA6E /* Frelocate */ = {
			isa = PBXGroup;
			children = (
				5924D7321FD5F7A90086CBA1 /* Util */,
				5924D7291FD2085D0086CBA1 /* Services */,
				595148C41FC7788800D050CB /* Controller */,
				595148C31FC7788000D050CB /* View */,
				595148C21FC7787900D050CB /* Model */,
				598A02DD1FA7C63500BDEA6E /* AppDelegate.swift */,
				598A02E11FA7C63500BDEA6E /* Main.storyboard */,
				598A02E41FA7C63500BDEA6E /* Assets.xcassets */,
				598A02E61FA7C63500BDEA6E /* LaunchScreen.storyboard */,
				598A02E91FA7C63500BDEA6E /* Info.plist */,
				595148C01FC7764A00D050CB /* GoogleService-Info.plist */,
				594104271FC2459500A49C79 /* SWRevealViewController.h */,
				594104281FC2459600A49C79 /* SWRevealViewController.m */,
				594104261FC2459500A49C79 /* Frelocate-Bridging-Header.h */,
				5927CA7B1FEEF15A00A20CF4 /* KeychainWrapper.swift */,
				5927CA7E1FEEF17B00A20CF4 /* KeychainItemAccessibility.swift */,
			);
			path = Frelocate;
			sourceTree = "<group>";
		};
		D16295517B41B854394E7575 /* Frameworks */ = {
			isa = PBXGroup;
			children = (
				595148D91FCCAFAF00D050CB /* FBSDKLoginKit.framework */,
				595148D71FCCAFA800D050CB /* FBSDKCoreKit.framework */,
				595148D51FCCAFA000D050CB /* Bolts.framework */,
				FD6C857833EE46AC3C702BC6 /* Pods_Frelocate.framework */,
			);
			name = Frameworks;
			sourceTree = "<group>";
		};
/* End PBXGroup section */

/* Begin PBXNativeTarget section */
		598A02D91FA7C63500BDEA6E /* Frelocate */ = {
			isa = PBXNativeTarget;
			buildConfigurationList = 598A02EC1FA7C63500BDEA6E /* Build configuration list for PBXNativeTarget "Frelocate" */;
			buildPhases = (
				22B066BB8EDF32C110E0BC31 /* [CP] Check Pods Manifest.lock */,
				598A02D61FA7C63500BDEA6E /* Sources */,
				598A02D71FA7C63500BDEA6E /* Frameworks */,
				598A02D81FA7C63500BDEA6E /* Resources */,
				C208BE7629C4C27D2C30F68C /* [CP] Embed Pods Frameworks */,
				2DCA285DC2218BE167ADE979 /* [CP] Copy Pods Resources */,
			);
			buildRules = (
			);
			dependencies = (
			);
			name = Frelocate;
			productName = Frelocate;
			productReference = 598A02DA1FA7C63500BDEA6E /* Frelocate.app */;
			productType = "com.apple.product-type.application";
		};
/* End PBXNativeTarget section */

/* Begin PBXProject section */
		598A02D21FA7C63500BDEA6E /* Project object */ = {
			isa = PBXProject;
			attributes = {
				LastSwiftUpdateCheck = 0900;
				LastUpgradeCheck = 0900;
				ORGANIZATIONNAME = "Rob Prior";
				TargetAttributes = {
					598A02D91FA7C63500BDEA6E = {
						CreatedOnToolsVersion = 9.0.1;
						LastSwiftMigration = 0910;
						ProvisioningStyle = Automatic;
						SystemCapabilities = {
							com.apple.Keychain = {
								enabled = 0;
							};
						};
					};
				};
			};
			buildConfigurationList = 598A02D51FA7C63500BDEA6E /* Build configuration list for PBXProject "Frelocate" */;
			compatibilityVersion = "Xcode 8.0";
			developmentRegion = en;
			hasScannedForEncodings = 0;
			knownRegions = (
				en,
				Base,
			);
			mainGroup = 598A02D11FA7C63500BDEA6E;
			productRefGroup = 598A02DB1FA7C63500BDEA6E /* Products */;
			projectDirPath = "";
			projectRoot = "";
			targets = (
				598A02D91FA7C63500BDEA6E /* Frelocate */,
			);
		};
/* End PBXProject section */

/* Begin PBXResourcesBuildPhase section */
		598A02D81FA7C63500BDEA6E /* Resources */ = {
			isa = PBXResourcesBuildPhase;
			buildActionMask = 2147483647;
			files = (
				598A02E81FA7C63500BDEA6E /* LaunchScreen.storyboard in Resources */,
				595148C11FC7764A00D050CB /* GoogleService-Info.plist in Resources */,
				598A02E51FA7C63500BDEA6E /* Assets.xcassets in Resources */,
				598A02E31FA7C63500BDEA6E /* Main.storyboard in Resources */,
			);
			runOnlyForDeploymentPostprocessing = 0;
		};
/* End PBXResourcesBuildPhase section */

/* Begin PBXShellScriptBuildPhase section */
		22B066BB8EDF32C110E0BC31 /* [CP] Check Pods Manifest.lock */ = {
			isa = PBXShellScriptBuildPhase;
			buildActionMask = 2147483647;
			files = (
			);
			inputPaths = (
			);
			name = "[CP] Check Pods Manifest.lock";
			outputPaths = (
			);
			runOnlyForDeploymentPostprocessing = 0;
			shellPath = /bin/sh;
			shellScript = "diff \"${PODS_PODFILE_DIR_PATH}/Podfile.lock\" \"${PODS_ROOT}/Manifest.lock\" > /dev/null\nif [ $? != 0 ] ; then\n    # print error to STDERR\n    echo \"error: The sandbox is not in sync with the Podfile.lock. Run 'pod install' or update your CocoaPods installation.\" >&2\n    exit 1\nfi\n";
			showEnvVarsInLog = 0;
		};
		2DCA285DC2218BE167ADE979 /* [CP] Copy Pods Resources */ = {
			isa = PBXShellScriptBuildPhase;
			buildActionMask = 2147483647;
			files = (
			);
			inputPaths = (
			);
			name = "[CP] Copy Pods Resources";
			outputPaths = (
			);
			runOnlyForDeploymentPostprocessing = 0;
			shellPath = /bin/sh;
			shellScript = "\"${SRCROOT}/Pods/Target Support Files/Pods-Frelocate/Pods-Frelocate-resources.sh\"\n";
			showEnvVarsInLog = 0;
		};
		C208BE7629C4C27D2C30F68C /* [CP] Embed Pods Frameworks */ = {
			isa = PBXShellScriptBuildPhase;
			buildActionMask = 2147483647;
			files = (
			);
			inputPaths = (
			);
			name = "[CP] Embed Pods Frameworks";
			outputPaths = (
			);
			runOnlyForDeploymentPostprocessing = 0;
			shellPath = /bin/sh;
			shellScript = "\"${SRCROOT}/Pods/Target Support Files/Pods-Frelocate/Pods-Frelocate-frameworks.sh\"\n";
			showEnvVarsInLog = 0;
		};
/* End PBXShellScriptBuildPhase section */

/* Begin PBXSourcesBuildPhase section */
		598A02D61FA7C63500BDEA6E /* Sources */ = {
			isa = PBXSourcesBuildPhase;
			buildActionMask = 2147483647;
			files = (
				5927CA7A1FEEEA5300A20CF4 /* PostCell.swift in Sources */,
				5924D7341FD5F7C60086CBA1 /* Constants.swift in Sources */,
				594104321FC3690F00A49C79 /* SearchProperties.swift in Sources */,
				595148CE1FC9BC7900D050CB /* SavingsCalculator.swift in Sources */,
				595148CC1FC78A4600D050CB /* SignIn.swift in Sources */,
				594104341FC3691C00A49C79 /* SellMyProperty.swift in Sources */,
				5941042E1FC24BE500A49C79 /* BackTableVC.swift in Sources */,
				5924D7281FCF07A60086CBA1 /* SignUp.swift in Sources */,
				598A02DE1FA7C63500BDEA6E /* AppDelegate.swift in Sources */,
				5927CA7D1FEEF15A00A20CF4 /* KeychainWrapper.swift in Sources */,
				594104361FC4EABD00A49C79 /* AccountSettings.swift in Sources */,
				594104291FC2459600A49C79 /* SWRevealViewController.m in Sources */,
				5922AF771FFD63BF00C23753 /* Post.swift in Sources */,
				595148D01FCCA8AC00D050CB /* RoundBtn.swift in Sources */,
				594104301FC3687F00A49C79 /* MySavedProperties.swift in Sources */,
				5927CA761FEEE1BF00A20CF4 /* ForgottenPassword.swift in Sources */,
				5941042C1FC246EE00A49C79 /* MainViewController.swift in Sources */,
				5927CA7F1FEEF17B00A20CF4 /* KeychainItemAccessibility.swift in Sources */,
				5927CA781FEEE50900A20CF4 /* ShadowView.swift in Sources */,
				5924D72D1FD404D90086CBA1 /* AuthService.swift in Sources */,
				5922AF751FFC38E400C23753 /* DataService.swift in Sources */,
			);
			runOnlyForDeploymentPostprocessing = 0;
		};
/* End PBXSourcesBuildPhase section */

/* Begin PBXVariantGroup section */
		598A02E11FA7C63500BDEA6E /* Main.storyboard */ = {
			isa = PBXVariantGroup;
			children = (
				598A02E21FA7C63500BDEA6E /* Base */,
			);
			name = Main.storyboard;
			sourceTree = "<group>";
		};
		598A02E61FA7C63500BDEA6E /* LaunchScreen.storyboard */ = {
			isa = PBXVariantGroup;
			children = (
				598A02E71FA7C63500BDEA6E /* Base */,
			);
			name = LaunchScreen.storyboard;
			sourceTree = "<group>";
		};
/* End PBXVariantGroup section */

/* Begin XCBuildConfiguration section */
		598A02EA1FA7C63500BDEA6E /* Debug */ = {
			isa = XCBuildConfiguration;
			buildSettings = {
				ALWAYS_SEARCH_USER_PATHS = NO;
				CLANG_ANALYZER_NONNULL = YES;
				CLANG_ANALYZER_NUMBER_OBJECT_CONVERSION = YES_AGGRESSIVE;
				CLANG_CXX_LANGUAGE_STANDARD = "gnu++14";
				CLANG_CXX_LIBRARY = "libc++";
				CLANG_ENABLE_MODULES = YES;
				CLANG_ENABLE_OBJC_ARC = YES;
				CLANG_WARN_BLOCK_CAPTURE_AUTORELEASING = YES;
				CLANG_WARN_BOOL_CONVERSION = YES;
				CLANG_WARN_COMMA = YES;
				CLANG_WARN_CONSTANT_CONVERSION = YES;
				CLANG_WARN_DIRECT_OBJC_ISA_USAGE = YES_ERROR;
				CLANG_WARN_DOCUMENTATION_COMMENTS = YES;
				CLANG_WARN_EMPTY_BODY = YES;
				CLANG_WARN_ENUM_CONVERSION = YES;
				CLANG_WARN_INFINITE_RECURSION = YES;
				CLANG_WARN_INT_CONVERSION = YES;
				CLANG_WARN_NON_LITERAL_NULL_CONVERSION = YES;
				CLANG_WARN_OBJC_LITERAL_CONVERSION = YES;
				CLANG_WARN_OBJC_ROOT_CLASS = YES_ERROR;
				CLANG_WARN_RANGE_LOOP_ANALYSIS = YES;
				CLANG_WARN_STRICT_PROTOTYPES = YES;
				CLANG_WARN_SUSPICIOUS_MOVE = YES;
				CLANG_WARN_UNGUARDED_AVAILABILITY = YES_AGGRESSIVE;
				CLANG_WARN_UNREACHABLE_CODE = YES;
				CLANG_WARN__DUPLICATE_METHOD_MATCH = YES;
				CODE_SIGN_IDENTITY = "iPhone Developer";
				COPY_PHASE_STRIP = NO;
				DEBUG_INFORMATION_FORMAT = dwarf;
				ENABLE_STRICT_OBJC_MSGSEND = YES;
				ENABLE_TESTABILITY = YES;
				GCC_C_LANGUAGE_STANDARD = gnu11;
				GCC_DYNAMIC_NO_PIC = NO;
				GCC_NO_COMMON_BLOCKS = YES;
				GCC_OPTIMIZATION_LEVEL = 0;
				GCC_PREPROCESSOR_DEFINITIONS = (
					"DEBUG=1",
					"$(inherited)",
				);
				GCC_WARN_64_TO_32_BIT_CONVERSION = YES;
				GCC_WARN_ABOUT_RETURN_TYPE = YES_ERROR;
				GCC_WARN_UNDECLARED_SELECTOR = YES;
				GCC_WARN_UNINITIALIZED_AUTOS = YES_AGGRESSIVE;
				GCC_WARN_UNUSED_FUNCTION = YES;
				GCC_WARN_UNUSED_VARIABLE = YES;
				IPHONEOS_DEPLOYMENT_TARGET = 11.0;
				MTL_ENABLE_DEBUG_INFO = YES;
				ONLY_ACTIVE_ARCH = YES;
				SDKROOT = iphoneos;
				SWIFT_ACTIVE_COMPILATION_CONDITIONS = DEBUG;
				SWIFT_OPTIMIZATION_LEVEL = "-Onone";
			};
			name = Debug;
		};
		598A02EB1FA7C63500BDEA6E /* Release */ = {
			isa = XCBuildConfiguration;
			buildSettings = {
				ALWAYS_SEARCH_USER_PATHS = NO;
				CLANG_ANALYZER_NONNULL = YES;
				CLANG_ANALYZER_NUMBER_OBJECT_CONVERSION = YES_AGGRESSIVE;
				CLANG_CXX_LANGUAGE_STANDARD = "gnu++14";
				CLANG_CXX_LIBRARY = "libc++";
				CLANG_ENABLE_MODULES = YES;
				CLANG_ENABLE_OBJC_ARC = YES;
				CLANG_WARN_BLOCK_CAPTURE_AUTORELEASING = YES;
				CLANG_WARN_BOOL_CONVERSION = YES;
				CLANG_WARN_COMMA = YES;
				CLANG_WARN_CONSTANT_CONVERSION = YES;
				CLANG_WARN_DIRECT_OBJC_ISA_USAGE = YES_ERROR;
				CLANG_WARN_DOCUMENTATION_COMMENTS = YES;
				CLANG_WARN_EMPTY_BODY = YES;
				CLANG_WARN_ENUM_CONVERSION = YES;
				CLANG_WARN_INFINITE_RECURSION = YES;
				CLANG_WARN_INT_CONVERSION = YES;
				CLANG_WARN_NON_LITERAL_NULL_CONVERSION = YES;
				CLANG_WARN_OBJC_LITERAL_CONVERSION = YES;
				CLANG_WARN_OBJC_ROOT_CLASS = YES_ERROR;
				CLANG_WARN_RANGE_LOOP_ANALYSIS = YES;
				CLANG_WARN_STRICT_PROTOTYPES = YES;
				CLANG_WARN_SUSPICIOUS_MOVE = YES;
				CLANG_WARN_UNGUARDED_AVAILABILITY = YES_AGGRESSIVE;
				CLANG_WARN_UNREACHABLE_CODE = YES;
				CLANG_WARN__DUPLICATE_METHOD_MATCH = YES;
				CODE_SIGN_IDENTITY = "iPhone Developer";
				COPY_PHASE_STRIP = NO;
				DEBUG_INFORMATION_FORMAT = "dwarf-with-dsym";
				ENABLE_NS_ASSERTIONS = NO;
				ENABLE_STRICT_OBJC_MSGSEND = YES;
				GCC_C_LANGUAGE_STANDARD = gnu11;
				GCC_NO_COMMON_BLOCKS = YES;
				GCC_WARN_64_TO_32_BIT_CONVERSION = YES;
				GCC_WARN_ABOUT_RETURN_TYPE = YES_ERROR;
				GCC_WARN_UNDECLARED_SELECTOR = YES;
				GCC_WARN_UNINITIALIZED_AUTOS = YES_AGGRESSIVE;
				GCC_WARN_UNUSED_FUNCTION = YES;
				GCC_WARN_UNUSED_VARIABLE = YES;
				IPHONEOS_DEPLOYMENT_TARGET = 11.0;
				MTL_ENABLE_DEBUG_INFO = NO;
				SDKROOT = iphoneos;
				SWIFT_OPTIMIZATION_LEVEL = "-Owholemodule";
				VALIDATE_PRODUCT = YES;
			};
			name = Release;
		};
		598A02ED1FA7C63500BDEA6E /* Debug */ = {
			isa = XCBuildConfiguration;
			baseConfigurationReference = 29AF3BD11EFE92AB46294B45 /* Pods-Frelocate.debug.xcconfig */;
			buildSettings = {
				ASSETCATALOG_COMPILER_APPICON_NAME = AppIcon;
				CLANG_ENABLE_MODULES = YES;
				CODE_SIGN_STYLE = Automatic;
				DEVELOPMENT_TEAM = TL22XCB27L;
				FRAMEWORK_SEARCH_PATHS = (
					"$(inherited)",
					"$(PROJECT_DIR)",
				);
				INFOPLIST_FILE = Frelocate/Info.plist;
				LD_RUNPATH_SEARCH_PATHS = "$(inherited) @executable_path/Frameworks";
				PRODUCT_BUNDLE_IDENTIFIER = RobPrior.Frelocate;
				PRODUCT_NAME = "$(TARGET_NAME)";
				SWIFT_OBJC_BRIDGING_HEADER = "Frelocate/Frelocate-Bridging-Header.h";
				SWIFT_OPTIMIZATION_LEVEL = "-Onone";
				SWIFT_REFLECTION_METADATA_LEVEL = all;
				SWIFT_VERSION = 4.0;
				TARGETED_DEVICE_FAMILY = "1,2";
			};
			name = Debug;
		};
		598A02EE1FA7C63500BDEA6E /* Release */ = {
			isa = XCBuildConfiguration;
			baseConfigurationReference = 802DF9CB6E2CC5C149F36522 /* Pods-Frelocate.release.xcconfig */;
			buildSettings = {
				ASSETCATALOG_COMPILER_APPICON_NAME = AppIcon;
				CLANG_ENABLE_MODULES = YES;
				CODE_SIGN_STYLE = Automatic;
				DEVELOPMENT_TEAM = TL22XCB27L;
				FRAMEWORK_SEARCH_PATHS = (
					"$(inherited)",
					"$(PROJECT_DIR)",
				);
				INFOPLIST_FILE = Frelocate/Info.plist;
				LD_RUNPATH_SEARCH_PATHS = "$(inherited) @executable_path/Frameworks";
				PRODUCT_BUNDLE_IDENTIFIER = RobPrior.Frelocate;
				PRODUCT_NAME = "$(TARGET_NAME)";
				SWIFT_OBJC_BRIDGING_HEADER = "Frelocate/Frelocate-Bridging-Header.h";
				SWIFT_REFLECTION_METADATA_LEVEL = all;
				SWIFT_VERSION = 4.0;
				TARGETED_DEVICE_FAMILY = "1,2";
			};
			name = Release;
		};
/* End XCBuildConfiguration section */

/* Begin XCConfigurationList section */
		598A02D51FA7C63500BDEA6E /* Build configuration list for PBXProject "Frelocate" */ = {
			isa = XCConfigurationList;
			buildConfigurations = (
				598A02EA1FA7C63500BDEA6E /* Debug */,
				598A02EB1FA7C63500BDEA6E /* Release */,
			);
			defaultConfigurationIsVisible = 0;
			defaultConfigurationName = Release;
		};
		598A02EC1FA7C63500BDEA6E /* Build configuration list for PBXNativeTarget "Frelocate" */ = {
			isa = XCConfigurationList;
			buildConfigurations = (
				598A02ED1FA7C63500BDEA6E /* Debug */,
				598A02EE1FA7C63500BDEA6E /* Release */,
			);
			defaultConfigurationIsVisible = 0;
			defaultConfigurationName = Release;
		};
/* End XCConfigurationList section */
	};
	rootObject = 598A02D21FA7C63500BDEA6E /* Project object */;
}
